github.com/thiagoelg/gomodules-playground/module1 v0.2.0 h1:b9NkPpdDV5AESgnC3Vx8ypYJD+HtBfIf/gW01WxR624=
github.com/thiagoelg/gomodules-playground/module1 v0.2.0/go.mod h1:9Ei8yg5iyr/prT041E7IWqIFB2TNldsgFw0+LZu0ud8=
github.com/thiagoelg/gomodules-playground/module1 v0.2.1 h1:+G/dBTTdXz9AcsVbH2W5V4CdPndIoxyQJRkZ+xCbOSk=
github.com/thiagoelg/gomodules-playground/module1 v0.2.1/go.mod h1:9Ei8yg5iyr/prT041E7IWqIFB2TNldsgFw0+LZu0ud8=
github.com/thiagoelg/gomodules-playground/module2 v0.2.0 h1:H3NywELgt/pD68cLDkFzvxjJmBD5U/eJ2Qb2SaQS62s=
github.com/thiagoelg/gomodules-playground/module2 v0.2.0/go.mod h1:AyRmBP1/vIgCEaqzrFcL03sMyxtb/NmVfhtXAszFGwQ=
github.com/thiagoelg/gomodules-playground/module2 v0.2.1 h1:wj5CfcRdJSro5WRYPFddsD5dGI55aEG6VO2A4qB31Q0=
github.com/thiagoelg/gomodules-playground/module2 v0.2.1/go.mod h1:SR1NiwXMJ9TqCUwaL8tJ2QVFbLEPTsJycgB2rHRTdyU=
